
Microsoft Visual Studio Solution File, Format Version 12.00
# Visual Studio Version 17
VisualStudioVersion = 17.6.33723.286
MinimumVisualStudioVersion = 10.0.40219.1
Project("{FAE04EC0-301F-11D3-BF4B-00C04F79EFBC}") = "TASK", "TASK\TASK.csproj", "{EEBCB1F0-2091-4000-BBEA-3B7FD62FDE55}"
EndProject
Global
	GlobalSection(SolutionConfigurationPlatforms) = preSolution
		Debug|Any CPU = Debug|Any CPU
		Release|Any CPU = Release|Any CPU
	EndGlobalSection
	GlobalSection(ProjectConfigurationPlatforms) = postSolution
		{EEBCB1F0-2091-4000-BBEA-3B7FD62FDE55}.Debug|Any CPU.ActiveCfg = Debug|Any CPU
		{EEBCB1F0-2091-4000-BBEA-3B7FD62FDE55}.Debug|Any CPU.Build.0 = Debug|Any CPU
		{EEBCB1F0-2091-4000-BBEA-3B7FD62FDE55}.Release|Any CPU.ActiveCfg = Release|Any CPU
		{EEBCB1F0-2091-4000-BBEA-3B7FD62FDE55}.Release|Any CPU.Build.0 = Release|Any CPU
	EndGlobalSection
	GlobalSection(SolutionProperties) = preSolution
		HideSolutionNode = FALSE
	EndGlobalSection
	GlobalSection(ExtensibilityGlobals) = postSolution
		SolutionGuid = {7A713289-3E01-4BF4-B258-9527D103438A}
	EndGlobalSection
EndGlobal
